
Microsoft Visual Studio Solution File, Format Version 12.00
# Visual Studio 2012
Project("{F184B08F-C81C-45F6-A57F-5ABD9991F28F}") = "Kafe Tarabunga", "Kafe Tarabunga\Kafe Tarabunga.vbproj", "{18D58C44-71A7-4B75-84F6-D0DF9E6F2125}"
EndProject
Global
	GlobalSection(SolutionConfigurationPlatforms) = preSolution
		Debug|Any CPU = Debug|Any CPU
		Release|Any CPU = Release|Any CPU
	EndGlobalSection
	GlobalSection(ProjectConfigurationPlatforms) = postSolution
		{18D58C44-71A7-4B75-84F6-D0DF9E6F2125}.Debug|Any CPU.ActiveCfg = Debug|Any CPU
		{18D58C44-71A7-4B75-84F6-D0DF9E6F2125}.Debug|Any CPU.Build.0 = Debug|Any CPU
		{18D58C44-71A7-4B75-84F6-D0DF9E6F2125}.Release|Any CPU.ActiveCfg = Release|Any CPU
		{18D58C44-71A7-4B75-84F6-D0DF9E6F2125}.Release|Any CPU.Build.0 = Release|Any CPU
	EndGlobalSection
	GlobalSection(SolutionProperties) = preSolution
		HideSolutionNode = FALSE
	EndGlobalSection
EndGlobal
